
Microsoft Visual Studio Solution File, Format Version 12.00
# Visual Studio 14
VisualStudioVersion = 14.0.25420.1
MinimumVisualStudioVersion = 10.0.40219.1
Project("{FAE04EC0-301F-11D3-BF4B-00C04F79EFBC}") = "MovieList.Droid", "MovieList\MovieList.Droid\MovieList.Droid.csproj", "{E42BEBC2-0766-4EE1-B145-43F1FE120182}"
EndProject
Project("{FAE04EC0-301F-11D3-BF4B-00C04F79EFBC}") = "MovieList.iOS", "MovieList\MovieList.iOS\MovieList.iOS.csproj", "{BBB4E46E-8AF9-4299-BEE6-7CB51B82EA34}"
EndProject
Project("{FAE04EC0-301F-11D3-BF4B-00C04F79EFBC}") = "MovieList.UWP", "MovieList\MovieList.UWP\MovieList.UWP.csproj", "{D6BBBB4F-E3E4-40EB-90EF-DD4FE726FBFC}"
EndProject
Project("{FAE04EC0-301F-11D3-BF4B-00C04F79EFBC}") = "MovieList", "MovieList\MovieList\MovieList.csproj", "{D20D72A8-AFBF-4BAE-881D-9E0E8F58DD8A}"
EndProject
Project("{FAE04EC0-301F-11D3-BF4B-00C04F79EFBC}") = "MovieList.Services", "MovieList.Services\MovieList.Services.csproj", "{67F9D3A8-F71E-4428-913F-C37AE82CDB24}"
EndProject
Project("{FAE04EC0-301F-11D3-BF4B-00C04F79EFBC}") = "MovieList.Model", "MovieList.Model\MovieList.Model.csproj", "{BC56B0FD-2691-428E-AF5C-1E550B44DCB8}"
EndProject
Global
	GlobalSection(SolutionConfigurationPlatforms) = preSolution
		Ad-Hoc|Any CPU = Ad-Hoc|Any CPU
		Ad-Hoc|ARM = Ad-Hoc|ARM
		Ad-Hoc|iPhone = Ad-Hoc|iPhone
		Ad-Hoc|iPhoneSimulator = Ad-Hoc|iPhoneSimulator
		Ad-Hoc|x64 = Ad-Hoc|x64
		Ad-Hoc|x86 = Ad-Hoc|x86
		AppStore|Any CPU = AppStore|Any CPU
		AppStore|ARM = AppStore|ARM
		AppStore|iPhone = AppStore|iPhone
		AppStore|iPhoneSimulator = AppStore|iPhoneSimulator
		AppStore|x64 = AppStore|x64
		AppStore|x86 = AppStore|x86
		Debug|Any CPU = Debug|Any CPU
		Debug|ARM = Debug|ARM
		Debug|iPhone = Debug|iPhone
		Debug|iPhoneSimulator = Debug|iPhoneSimulator
		Debug|x64 = Debug|x64
		Debug|x86 = Debug|x86
		Release|Any CPU = Release|Any CPU
		Release|ARM = Release|ARM
		Release|iPhone = Release|iPhone
		Release|iPhoneSimulator = Release|iPhoneSimulator
		Release|x64 = Release|x64
		Release|x86 = Release|x86
	EndGlobalSection
	GlobalSection(ProjectConfigurationPlatforms) = postSolution
		{E42BEBC2-0766-4EE1-B145-43F1FE120182}.Ad-Hoc|Any CPU.ActiveCfg = Release|Any CPU
		{E42BEBC2-0766-4EE1-B145-43F1FE120182}.Ad-Hoc|Any CPU.Build.0 = Release|Any CPU
		{E42BEBC2-0766-4EE1-B145-43F1FE120182}.Ad-Hoc|Any CPU.Deploy.0 = Release|Any CPU
		{E42BEBC2-0766-4EE1-B145-43F1FE120182}.Ad-Hoc|ARM.ActiveCfg = Release|Any CPU
		{E42BEBC2-0766-4EE1-B145-43F1FE120182}.Ad-Hoc|ARM.Build.0 = Release|Any CPU
		{E42BEBC2-0766-4EE1-B145-43F1FE120182}.Ad-Hoc|ARM.Deploy.0 = Release|Any CPU
		{E42BEBC2-0766-4EE1-B145-43F1FE120182}.Ad-Hoc|iPhone.ActiveCfg = Release|Any CPU
		{E42BEBC2-0766-4EE1-B145-43F1FE120182}.Ad-Hoc|iPhone.Build.0 = Release|Any CPU
		{E42BEBC2-0766-4EE1-B145-43F1FE120182}.Ad-Hoc|iPhone.Deploy.0 = Release|Any CPU
		{E42BEBC2-0766-4EE1-B145-43F1FE120182}.Ad-Hoc|iPhoneSimulator.ActiveCfg = Release|Any CPU
		{E42BEBC2-0766-4EE1-B145-43F1FE120182}.Ad-Hoc|iPhoneSimulator.Build.0 = Release|Any CPU
		{E42BEBC2-0766-4EE1-B145-43F1FE120182}.Ad-Hoc|iPhoneSimulator.Deploy.0 = Release|Any CPU
		{E42BEBC2-0766-4EE1-B145-43F1FE120182}.Ad-Hoc|x64.ActiveCfg = Release|Any CPU
		{E42BEBC2-0766-4EE1-B145-43F1FE120182}.Ad-Hoc|x64.Build.0 = Release|Any CPU
		{E42BEBC2-0766-4EE1-B145-43F1FE120182}.Ad-Hoc|x64.Deploy.0 = Release|Any CPU
		{E42BEBC2-0766-4EE1-B145-43F1FE120182}.Ad-Hoc|x86.ActiveCfg = Release|Any CPU
		{E42BEBC2-0766-4EE1-B145-43F1FE120182}.Ad-Hoc|x86.Build.0 = Release|Any CPU
		{E42BEBC2-0766-4EE1-B145-43F1FE120182}.Ad-Hoc|x86.Deploy.0 = Release|Any CPU
		{E42BEBC2-0766-4EE1-B145-43F1FE120182}.AppStore|Any CPU.ActiveCfg = Release|Any CPU
		{E42BEBC2-0766-4EE1-B145-43F1FE120182}.AppStore|Any CPU.Build.0 = Release|Any CPU
		{E42BEBC2-0766-4EE1-B145-43F1FE120182}.AppStore|Any CPU.Deploy.0 = Release|Any CPU
		{E42BEBC2-0766-4EE1-B145-43F1FE120182}.AppStore|ARM.ActiveCfg = Release|Any CPU
		{E42BEBC2-0766-4EE1-B145-43F1FE120182}.AppStore|ARM.Build.0 = Release|Any CPU
		{E42BEBC2-0766-4EE1-B145-43F1FE120182}.AppStore|ARM.Deploy.0 = Release|Any CPU
		{E42BEBC2-0766-4EE1-B145-43F1FE120182}.AppStore|iPhone.ActiveCfg = Release|Any CPU
		{E42BEBC2-0766-4EE1-B145-43F1FE120182}.AppStore|iPhone.Build.0 = Release|Any CPU
		{E42BEBC2-0766-4EE1-B145-43F1FE120182}.AppStore|iPhone.Deploy.0 = Release|Any CPU
		{E42BEBC2-0766-4EE1-B145-43F1FE120182}.AppStore|iPhoneSimulator.ActiveCfg = Release|Any CPU
		{E42BEBC2-0766-4EE1-B145-43F1FE120182}.AppStore|iPhoneSimulator.Build.0 = Release|Any CPU
		{E42BEBC2-0766-4EE1-B145-43F1FE120182}.AppStore|iPhoneSimulator.Deploy.0 = Release|Any CPU
		{E42BEBC2-0766-4EE1-B145-43F1FE120182}.AppStore|x64.ActiveCfg = Release|Any CPU
		{E42BEBC2-0766-4EE1-B145-43F1FE120182}.AppStore|x64.Build.0 = Release|Any CPU
		{E42BEBC2-0766-4EE1-B145-43F1FE120182}.AppStore|x64.Deploy.0 = Release|Any CPU
		{E42BEBC2-0766-4EE1-B145-43F1FE120182}.AppStore|x86.ActiveCfg = Release|Any CPU
		{E42BEBC2-0766-4EE1-B145-43F1FE120182}.AppStore|x86.Build.0 = Release|Any CPU
		{E42BEBC2-0766-4EE1-B145-43F1FE120182}.AppStore|x86.Deploy.0 = Release|Any CPU
		{E42BEBC2-0766-4EE1-B145-43F1FE120182}.Debug|Any CPU.ActiveCfg = Debug|Any CPU
		{E42BEBC2-0766-4EE1-B145-43F1FE120182}.Debug|Any CPU.Build.0 = Debug|Any CPU
		{E42BEBC2-0766-4EE1-B145-43F1FE120182}.Debug|Any CPU.Deploy.0 = Debug|Any CPU
		{E42BEBC2-0766-4EE1-B145-43F1FE120182}.Debug|ARM.ActiveCfg = Debug|Any CPU
		{E42BEBC2-0766-4EE1-B145-43F1FE120182}.Debug|ARM.Build.0 = Debug|Any CPU
		{E42BEBC2-0766-4EE1-B145-43F1FE120182}.Debug|ARM.Deploy.0 = Debug|Any CPU
		{E42BEBC2-0766-4EE1-B145-43F1FE120182}.Debug|iPhone.ActiveCfg = Debug|Any CPU
		{E42BEBC2-0766-4EE1-B145-43F1FE120182}.Debug|iPhone.Build.0 = Debug|Any CPU
		{E42BEBC2-0766-4EE1-B145-43F1FE120182}.Debug|iPhone.Deploy.0 = Debug|Any CPU
		{E42BEBC2-0766-4EE1-B145-43F1FE120182}.Debug|iPhoneSimulator.ActiveCfg = Debug|Any CPU
		{E42BEBC2-0766-4EE1-B145-43F1FE120182}.Debug|iPhoneSimulator.Build.0 = Debug|Any CPU
		{E42BEBC2-0766-4EE1-B145-43F1FE120182}.Debug|iPhoneSimulator.Deploy.0 = Debug|Any CPU
		{E42BEBC2-0766-4EE1-B145-43F1FE120182}.Debug|x64.ActiveCfg = Debug|Any CPU
		{E42BEBC2-0766-4EE1-B145-43F1FE120182}.Debug|x64.Build.0 = Debug|Any CPU
		{E42BEBC2-0766-4EE1-B145-43F1FE120182}.Debug|x64.Deploy.0 = Debug|Any CPU
		{E42BEBC2-0766-4EE1-B145-43F1FE120182}.Debug|x86.ActiveCfg = Debug|Any CPU
		{E42BEBC2-0766-4EE1-B145-43F1FE120182}.Debug|x86.Build.0 = Debug|Any CPU
		{E42BEBC2-0766-4EE1-B145-43F1FE120182}.Debug|x86.Deploy.0 = Debug|Any CPU
		{E42BEBC2-0766-4EE1-B145-43F1FE120182}.Release|Any CPU.ActiveCfg = Release|Any CPU
		{E42BEBC2-0766-4EE1-B145-43F1FE120182}.Release|Any CPU.Build.0 = Release|Any CPU
		{E42BEBC2-0766-4EE1-B145-43F1FE120182}.Release|Any CPU.Deploy.0 = Release|Any CPU
		{E42BEBC2-0766-4EE1-B145-43F1FE120182}.Release|ARM.ActiveCfg = Release|Any CPU
		{E42BEBC2-0766-4EE1-B145-43F1FE120182}.Release|ARM.Build.0 = Release|Any CPU
		{E42BEBC2-0766-4EE1-B145-43F1FE120182}.Release|ARM.Deploy.0 = Release|Any CPU
		{E42BEBC2-0766-4EE1-B145-43F1FE120182}.Release|iPhone.ActiveCfg = Release|Any CPU
		{E42BEBC2-0766-4EE1-B145-43F1FE120182}.Release|iPhone.Build.0 = Release|Any CPU
		{E42BEBC2-0766-4EE1-B145-43F1FE120182}.Release|iPhone.Deploy.0 = Release|Any CPU
		{E42BEBC2-0766-4EE1-B145-43F1FE120182}.Release|iPhoneSimulator.ActiveCfg = Release|Any CPU
		{E42BEBC2-0766-4EE1-B145-43F1FE120182}.Release|iPhoneSimulator.Build.0 = Release|Any CPU
		{E42BEBC2-0766-4EE1-B145-43F1FE120182}.Release|iPhoneSimulator.Deploy.0 = Release|Any CPU
		{E42BEBC2-0766-4EE1-B145-43F1FE120182}.Release|x64.ActiveCfg = Release|Any CPU
		{E42BEBC2-0766-4EE1-B145-43F1FE120182}.Release|x64.Build.0 = Release|Any CPU
		{E42BEBC2-0766-4EE1-B145-43F1FE120182}.Release|x64.Deploy.0 = Release|Any CPU
		{E42BEBC2-0766-4EE1-B145-43F1FE120182}.Release|x86.ActiveCfg = Release|Any CPU
		{E42BEBC2-0766-4EE1-B145-43F1FE120182}.Release|x86.Build.0 = Release|Any CPU
		{E42BEBC2-0766-4EE1-B145-43F1FE120182}.Release|x86.Deploy.0 = Release|Any CPU
		{BBB4E46E-8AF9-4299-BEE6-7CB51B82EA34}.Ad-Hoc|Any CPU.ActiveCfg = Ad-Hoc|iPhone
		{BBB4E46E-8AF9-4299-BEE6-7CB51B82EA34}.Ad-Hoc|ARM.ActiveCfg = Ad-Hoc|iPhone
		{BBB4E46E-8AF9-4299-BEE6-7CB51B82EA34}.Ad-Hoc|iPhone.ActiveCfg = Ad-Hoc|iPhone
		{BBB4E46E-8AF9-4299-BEE6-7CB51B82EA34}.Ad-Hoc|iPhone.Build.0 = Ad-Hoc|iPhone
		{BBB4E46E-8AF9-4299-BEE6-7CB51B82EA34}.Ad-Hoc|iPhoneSimulator.ActiveCfg = Ad-Hoc|iPhoneSimulator
		{BBB4E46E-8AF9-4299-BEE6-7CB51B82EA34}.Ad-Hoc|iPhoneSimulator.Build.0 = Ad-Hoc|iPhoneSimulator
		{BBB4E46E-8AF9-4299-BEE6-7CB51B82EA34}.Ad-Hoc|x64.ActiveCfg = Ad-Hoc|iPhone
		{BBB4E46E-8AF9-4299-BEE6-7CB51B82EA34}.Ad-Hoc|x86.ActiveCfg = Ad-Hoc|iPhone
		{BBB4E46E-8AF9-4299-BEE6-7CB51B82EA34}.AppStore|Any CPU.ActiveCfg = AppStore|iPhone
		{BBB4E46E-8AF9-4299-BEE6-7CB51B82EA34}.AppStore|ARM.ActiveCfg = AppStore|iPhone
		{BBB4E46E-8AF9-4299-BEE6-7CB51B82EA34}.AppStore|iPhone.ActiveCfg = AppStore|iPhone
		{BBB4E46E-8AF9-4299-BEE6-7CB51B82EA34}.AppStore|iPhone.Build.0 = AppStore|iPhone
		{BBB4E46E-8AF9-4299-BEE6-7CB51B82EA34}.AppStore|iPhoneSimulator.ActiveCfg = AppStore|iPhoneSimulator
		{BBB4E46E-8AF9-4299-BEE6-7CB51B82EA34}.AppStore|iPhoneSimulator.Build.0 = AppStore|iPhoneSimulator
		{BBB4E46E-8AF9-4299-BEE6-7CB51B82EA34}.AppStore|x64.ActiveCfg = AppStore|iPhone
		{BBB4E46E-8AF9-4299-BEE6-7CB51B82EA34}.AppStore|x86.ActiveCfg = AppStore|iPhone
		{BBB4E46E-8AF9-4299-BEE6-7CB51B82EA34}.Debug|Any CPU.ActiveCfg = Debug|iPhone
		{BBB4E46E-8AF9-4299-BEE6-7CB51B82EA34}.Debug|ARM.ActiveCfg = Debug|iPhone
		{BBB4E46E-8AF9-4299-BEE6-7CB51B82EA34}.Debug|iPhone.ActiveCfg = Debug|iPhone
		{BBB4E46E-8AF9-4299-BEE6-7CB51B82EA34}.Debug|iPhone.Build.0 = Debug|iPhone
		{BBB4E46E-8AF9-4299-BEE6-7CB51B82EA34}.Debug|iPhoneSimulator.ActiveCfg = Debug|iPhoneSimulator
		{BBB4E46E-8AF9-4299-BEE6-7CB51B82EA34}.Debug|iPhoneSimulator.Build.0 = Debug|iPhoneSimulator
		{BBB4E46E-8AF9-4299-BEE6-7CB51B82EA34}.Debug|x64.ActiveCfg = Debug|iPhone
		{BBB4E46E-8AF9-4299-BEE6-7CB51B82EA34}.Debug|x86.ActiveCfg = Debug|iPhone
		{BBB4E46E-8AF9-4299-BEE6-7CB51B82EA34}.Release|Any CPU.ActiveCfg = Release|iPhone
		{BBB4E46E-8AF9-4299-BEE6-7CB51B82EA34}.Release|ARM.ActiveCfg = Release|iPhone
		{BBB4E46E-8AF9-4299-BEE6-7CB51B82EA34}.Release|iPhone.ActiveCfg = Release|iPhone
		{BBB4E46E-8AF9-4299-BEE6-7CB51B82EA34}.Release|iPhone.Build.0 = Release|iPhone
		{BBB4E46E-8AF9-4299-BEE6-7CB51B82EA34}.Release|iPhoneSimulator.ActiveCfg = Release|iPhoneSimulator
		{BBB4E46E-8AF9-4299-BEE6-7CB51B82EA34}.Release|iPhoneSimulator.Build.0 = Release|iPhoneSimulator
		{BBB4E46E-8AF9-4299-BEE6-7CB51B82EA34}.Release|x64.ActiveCfg = Release|iPhone
		{BBB4E46E-8AF9-4299-BEE6-7CB51B82EA34}.Release|x86.ActiveCfg = Release|iPhone
		{D6BBBB4F-E3E4-40EB-90EF-DD4FE726FBFC}.Ad-Hoc|Any CPU.ActiveCfg = Release|x86
		{D6BBBB4F-E3E4-40EB-90EF-DD4FE726FBFC}.Ad-Hoc|Any CPU.Build.0 = Release|x86
		{D6BBBB4F-E3E4-40EB-90EF-DD4FE726FBFC}.Ad-Hoc|Any CPU.Deploy.0 = Release|x86
		{D6BBBB4F-E3E4-40EB-90EF-DD4FE726FBFC}.Ad-Hoc|ARM.ActiveCfg = Release|ARM
		{D6BBBB4F-E3E4-40EB-90EF-DD4FE726FBFC}.Ad-Hoc|ARM.Build.0 = Release|ARM
		{D6BBBB4F-E3E4-40EB-90EF-DD4FE726FBFC}.Ad-Hoc|ARM.Deploy.0 = Release|ARM
		{D6BBBB4F-E3E4-40EB-90EF-DD4FE726FBFC}.Ad-Hoc|iPhone.ActiveCfg = Release|x86
		{D6BBBB4F-E3E4-40EB-90EF-DD4FE726FBFC}.Ad-Hoc|iPhone.Build.0 = Release|x86
		{D6BBBB4F-E3E4-40EB-90EF-DD4FE726FBFC}.Ad-Hoc|iPhone.Deploy.0 = Release|x86
		{D6BBBB4F-E3E4-40EB-90EF-DD4FE726FBFC}.Ad-Hoc|iPhoneSimulator.ActiveCfg = Release|x86
		{D6BBBB4F-E3E4-40EB-90EF-DD4FE726FBFC}.Ad-Hoc|iPhoneSimulator.Build.0 = Release|x86
		{D6BBBB4F-E3E4-40EB-90EF-DD4FE726FBFC}.Ad-Hoc|iPhoneSimulator.Deploy.0 = Release|x86
		{D6BBBB4F-E3E4-40EB-90EF-DD4FE726FBFC}.Ad-Hoc|x64.ActiveCfg = Release|x64
		{D6BBBB4F-E3E4-40EB-90EF-DD4FE726FBFC}.Ad-Hoc|x64.Build.0 = Release|x64
		{D6BBBB4F-E3E4-40EB-90EF-DD4FE726FBFC}.Ad-Hoc|x64.Deploy.0 = Release|x64
		{D6BBBB4F-E3E4-40EB-90EF-DD4FE726FBFC}.Ad-Hoc|x86.ActiveCfg = Release|x86
		{D6BBBB4F-E3E4-40EB-90EF-DD4FE726FBFC}.Ad-Hoc|x86.Build.0 = Release|x86
		{D6BBBB4F-E3E4-40EB-90EF-DD4FE726FBFC}.Ad-Hoc|x86.Deploy.0 = Release|x86
		{D6BBBB4F-E3E4-40EB-90EF-DD4FE726FBFC}.AppStore|Any CPU.ActiveCfg = Release|x86
		{D6BBBB4F-E3E4-40EB-90EF-DD4FE726FBFC}.AppStore|Any CPU.Build.0 = Release|x86
		{D6BBBB4F-E3E4-40EB-90EF-DD4FE726FBFC}.AppStore|Any CPU.Deploy.0 = Release|x86
		{D6BBBB4F-E3E4-40EB-90EF-DD4FE726FBFC}.AppStore|ARM.ActiveCfg = Release|ARM
		{D6BBBB4F-E3E4-40EB-90EF-DD4FE726FBFC}.AppStore|ARM.Build.0 = Release|ARM
		{D6BBBB4F-E3E4-40EB-90EF-DD4FE726FBFC}.AppStore|ARM.Deploy.0 = Release|ARM
		{D6BBBB4F-E3E4-40EB-90EF-DD4FE726FBFC}.AppStore|iPhone.ActiveCfg = Release|x86
		{D6BBBB4F-E3E4-40EB-90EF-DD4FE726FBFC}.AppStore|iPhone.Build.0 = Release|x86
		{D6BBBB4F-E3E4-40EB-90EF-DD4FE726FBFC}.AppStore|iPhone.Deploy.0 = Release|x86
		{D6BBBB4F-E3E4-40EB-90EF-DD4FE726FBFC}.AppStore|iPhoneSimulator.ActiveCfg = Release|x86
		{D6BBBB4F-E3E4-40EB-90EF-DD4FE726FBFC}.AppStore|iPhoneSimulator.Build.0 = Release|x86
		{D6BBBB4F-E3E4-40EB-90EF-DD4FE726FBFC}.AppStore|iPhoneSimulator.Deploy.0 = Release|x86
		{D6BBBB4F-E3E4-40EB-90EF-DD4FE726FBFC}.AppStore|x64.ActiveCfg = Release|x64
		{D6BBBB4F-E3E4-40EB-90EF-DD4FE726FBFC}.AppStore|x64.Build.0 = Release|x64
		{D6BBBB4F-E3E4-40EB-90EF-DD4FE726FBFC}.AppStore|x64.Deploy.0 = Release|x64
		{D6BBBB4F-E3E4-40EB-90EF-DD4FE726FBFC}.AppStore|x86.ActiveCfg = Release|x86
		{D6BBBB4F-E3E4-40EB-90EF-DD4FE726FBFC}.AppStore|x86.Build.0 = Release|x86
		{D6BBBB4F-E3E4-40EB-90EF-DD4FE726FBFC}.AppStore|x86.Deploy.0 = Release|x86
		{D6BBBB4F-E3E4-40EB-90EF-DD4FE726FBFC}.Debug|Any CPU.ActiveCfg = Debug|x86
		{D6BBBB4F-E3E4-40EB-90EF-DD4FE726FBFC}.Debug|Any CPU.Build.0 = Debug|x86
		{D6BBBB4F-E3E4-40EB-90EF-DD4FE726FBFC}.Debug|Any CPU.Deploy.0 = Debug|x86
		{D6BBBB4F-E3E4-40EB-90EF-DD4FE726FBFC}.Debug|ARM.ActiveCfg = Debug|ARM
		{D6BBBB4F-E3E4-40EB-90EF-DD4FE726FBFC}.Debug|ARM.Build.0 = Debug|ARM
		{D6BBBB4F-E3E4-40EB-90EF-DD4FE726FBFC}.Debug|ARM.Deploy.0 = Debug|ARM
		{D6BBBB4F-E3E4-40EB-90EF-DD4FE726FBFC}.Debug|iPhone.ActiveCfg = Debug|x86
		{D6BBBB4F-E3E4-40EB-90EF-DD4FE726FBFC}.Debug|iPhoneSimulator.ActiveCfg = Debug|x86
		{D6BBBB4F-E3E4-40EB-90EF-DD4FE726FBFC}.Debug|x64.ActiveCfg = Debug|x64
		{D6BBBB4F-E3E4-40EB-90EF-DD4FE726FBFC}.Debug|x64.Build.0 = Debug|x64
		{D6BBBB4F-E3E4-40EB-90EF-DD4FE726FBFC}.Debug|x64.Deploy.0 = Debug|x64
		{D6BBBB4F-E3E4-40EB-90EF-DD4FE726FBFC}.Debug|x86.ActiveCfg = Debug|x86
		{D6BBBB4F-E3E4-40EB-90EF-DD4FE726FBFC}.Debug|x86.Build.0 = Debug|x86
		{D6BBBB4F-E3E4-40EB-90EF-DD4FE726FBFC}.Debug|x86.Deploy.0 = Debug|x86
		{D6BBBB4F-E3E4-40EB-90EF-DD4FE726FBFC}.Release|Any CPU.ActiveCfg = Release|x86
		{D6BBBB4F-E3E4-40EB-90EF-DD4FE726FBFC}.Release|ARM.ActiveCfg = Release|ARM
		{D6BBBB4F-E3E4-40EB-90EF-DD4FE726FBFC}.Release|ARM.Build.0 = Release|ARM
		{D6BBBB4F-E3E4-40EB-90EF-DD4FE726FBFC}.Release|ARM.Deploy.0 = Release|ARM
		{D6BBBB4F-E3E4-40EB-90EF-DD4FE726FBFC}.Release|iPhone.ActiveCfg = Release|x86
		{D6BBBB4F-E3E4-40EB-90EF-DD4FE726FBFC}.Release|iPhoneSimulator.ActiveCfg = Release|x86
		{D6BBBB4F-E3E4-40EB-90EF-DD4FE726FBFC}.Release|x64.ActiveCfg = Release|x64
		{D6BBBB4F-E3E4-40EB-90EF-DD4FE726FBFC}.Release|x64.Build.0 = Release|x64
		{D6BBBB4F-E3E4-40EB-90EF-DD4FE726FBFC}.Release|x64.Deploy.0 = Release|x64
		{D6BBBB4F-E3E4-40EB-90EF-DD4FE726FBFC}.Release|x86.ActiveCfg = Release|x86
		{D6BBBB4F-E3E4-40EB-90EF-DD4FE726FBFC}.Release|x86.Build.0 = Release|x86
		{D6BBBB4F-E3E4-40EB-90EF-DD4FE726FBFC}.Release|x86.Deploy.0 = Release|x86
		{D20D72A8-AFBF-4BAE-881D-9E0E8F58DD8A}.Ad-Hoc|Any CPU.ActiveCfg = Release|Any CPU
		{D20D72A8-AFBF-4BAE-881D-9E0E8F58DD8A}.Ad-Hoc|Any CPU.Build.0 = Release|Any CPU
		{D20D72A8-AFBF-4BAE-881D-9E0E8F58DD8A}.Ad-Hoc|ARM.ActiveCfg = Release|Any CPU
		{D20D72A8-AFBF-4BAE-881D-9E0E8F58DD8A}.Ad-Hoc|ARM.Build.0 = Release|Any CPU
		{D20D72A8-AFBF-4BAE-881D-9E0E8F58DD8A}.Ad-Hoc|iPhone.ActiveCfg = Release|Any CPU
		{D20D72A8-AFBF-4BAE-881D-9E0E8F58DD8A}.Ad-Hoc|iPhone.Build.0 = Release|Any CPU
		{D20D72A8-AFBF-4BAE-881D-9E0E8F58DD8A}.Ad-Hoc|iPhoneSimulator.ActiveCfg = Release|Any CPU
		{D20D72A8-AFBF-4BAE-881D-9E0E8F58DD8A}.Ad-Hoc|iPhoneSimulator.Build.0 = Release|Any CPU
		{D20D72A8-AFBF-4BAE-881D-9E0E8F58DD8A}.Ad-Hoc|x64.ActiveCfg = Release|Any CPU
		{D20D72A8-AFBF-4BAE-881D-9E0E8F58DD8A}.Ad-Hoc|x64.Build.0 = Release|Any CPU
		{D20D72A8-AFBF-4BAE-881D-9E0E8F58DD8A}.Ad-Hoc|x86.ActiveCfg = Release|Any CPU
		{D20D72A8-AFBF-4BAE-881D-9E0E8F58DD8A}.Ad-Hoc|x86.Build.0 = Release|Any CPU
		{D20D72A8-AFBF-4BAE-881D-9E0E8F58DD8A}.AppStore|Any CPU.ActiveCfg = Release|Any CPU
		{D20D72A8-AFBF-4BAE-881D-9E0E8F58DD8A}.AppStore|Any CPU.Build.0 = Release|Any CPU
		{D20D72A8-AFBF-4BAE-881D-9E0E8F58DD8A}.AppStore|ARM.ActiveCfg = Release|Any CPU
		{D20D72A8-AFBF-4BAE-881D-9E0E8F58DD8A}.AppStore|ARM.Build.0 = Release|Any CPU
		{D20D72A8-AFBF-4BAE-881D-9E0E8F58DD8A}.AppStore|iPhone.ActiveCfg = Release|Any CPU
		{D20D72A8-AFBF-4BAE-881D-9E0E8F58DD8A}.AppStore|iPhone.Build.0 = Release|Any CPU
		{D20D72A8-AFBF-4BAE-881D-9E0E8F58DD8A}.AppStore|iPhoneSimulator.ActiveCfg = Release|Any CPU
		{D20D72A8-AFBF-4BAE-881D-9E0E8F58DD8A}.AppStore|iPhoneSimulator.Build.0 = Release|Any CPU
		{D20D72A8-AFBF-4BAE-881D-9E0E8F58DD8A}.AppStore|x64.ActiveCfg = Release|Any CPU
		{D20D72A8-AFBF-4BAE-881D-9E0E8F58DD8A}.AppStore|x64.Build.0 = Release|Any CPU
		{D20D72A8-AFBF-4BAE-881D-9E0E8F58DD8A}.AppStore|x86.ActiveCfg = Release|Any CPU
		{D20D72A8-AFBF-4BAE-881D-9E0E8F58DD8A}.AppStore|x86.Build.0 = Release|Any CPU
		{D20D72A8-AFBF-4BAE-881D-9E0E8F58DD8A}.Debug|Any CPU.ActiveCfg = Debug|Any CPU
		{D20D72A8-AFBF-4BAE-881D-9E0E8F58DD8A}.Debug|Any CPU.Build.0 = Debug|Any CPU
		{D20D72A8-AFBF-4BAE-881D-9E0E8F58DD8A}.Debug|ARM.ActiveCfg = Debug|Any CPU
		{D20D72A8-AFBF-4BAE-881D-9E0E8F58DD8A}.Debug|ARM.Build.0 = Debug|Any CPU
		{D20D72A8-AFBF-4BAE-881D-9E0E8F58DD8A}.Debug|iPhone.ActiveCfg = Debug|Any CPU
		{D20D72A8-AFBF-4BAE-881D-9E0E8F58DD8A}.Debug|iPhone.Build.0 = Debug|Any CPU
		{D20D72A8-AFBF-4BAE-881D-9E0E8F58DD8A}.Debug|iPhoneSimulator.ActiveCfg = Debug|Any CPU
		{D20D72A8-AFBF-4BAE-881D-9E0E8F58DD8A}.Debug|iPhoneSimulator.Build.0 = Debug|Any CPU
		{D20D72A8-AFBF-4BAE-881D-9E0E8F58DD8A}.Debug|x64.ActiveCfg = Debug|Any CPU
		{D20D72A8-AFBF-4BAE-881D-9E0E8F58DD8A}.Debug|x64.Build.0 = Debug|Any CPU
		{D20D72A8-AFBF-4BAE-881D-9E0E8F58DD8A}.Debug|x86.ActiveCfg = Debug|Any CPU
		{D20D72A8-AFBF-4BAE-881D-9E0E8F58DD8A}.Debug|x86.Build.0 = Debug|Any CPU
		{D20D72A8-AFBF-4BAE-881D-9E0E8F58DD8A}.Release|Any CPU.ActiveCfg = Release|Any CPU
		{D20D72A8-AFBF-4BAE-881D-9E0E8F58DD8A}.Release|Any CPU.Build.0 = Release|Any CPU
		{D20D72A8-AFBF-4BAE-881D-9E0E8F58DD8A}.Release|ARM.ActiveCfg = Release|Any CPU
		{D20D72A8-AFBF-4BAE-881D-9E0E8F58DD8A}.Release|ARM.Build.0 = Release|Any CPU
		{D20D72A8-AFBF-4BAE-881D-9E0E8F58DD8A}.Release|iPhone.ActiveCfg = Release|Any CPU
		{D20D72A8-AFBF-4BAE-881D-9E0E8F58DD8A}.Release|iPhone.Build.0 = Release|Any CPU
		{D20D72A8-AFBF-4BAE-881D-9E0E8F58DD8A}.Release|iPhoneSimulator.ActiveCfg = Release|Any CPU
		{D20D72A8-AFBF-4BAE-881D-9E0E8F58DD8A}.Release|iPhoneSimulator.Build.0 = Release|Any CPU
		{D20D72A8-AFBF-4BAE-881D-9E0E8F58DD8A}.Release|x64.ActiveCfg = Release|Any CPU
		{D20D72A8-AFBF-4BAE-881D-9E0E8F58DD8A}.Release|x64.Build.0 = Release|Any CPU
		{D20D72A8-AFBF-4BAE-881D-9E0E8F58DD8A}.Release|x86.ActiveCfg = Release|Any CPU
		{D20D72A8-AFBF-4BAE-881D-9E0E8F58DD8A}.Release|x86.Build.0 = Release|Any CPU
		{67F9D3A8-F71E-4428-913F-C37AE82CDB24}.Ad-Hoc|Any CPU.ActiveCfg = Release|Any CPU
		{67F9D3A8-F71E-4428-913F-C37AE82CDB24}.Ad-Hoc|Any CPU.Build.0 = Release|Any CPU
		{67F9D3A8-F71E-4428-913F-C37AE82CDB24}.Ad-Hoc|ARM.ActiveCfg = Release|Any CPU
		{67F9D3A8-F71E-4428-913F-C37AE82CDB24}.Ad-Hoc|ARM.Build.0 = Release|Any CPU
		{67F9D3A8-F71E-4428-913F-C37AE82CDB24}.Ad-Hoc|iPhone.ActiveCfg = Release|Any CPU
		{67F9D3A8-F71E-4428-913F-C37AE82CDB24}.Ad-Hoc|iPhone.Build.0 = Release|Any CPU
		{67F9D3A8-F71E-4428-913F-C37AE82CDB24}.Ad-Hoc|iPhoneSimulator.ActiveCfg = Release|Any CPU
		{67F9D3A8-F71E-4428-913F-C37AE82CDB24}.Ad-Hoc|iPhoneSimulator.Build.0 = Release|Any CPU
		{67F9D3A8-F71E-4428-913F-C37AE82CDB24}.Ad-Hoc|x64.ActiveCfg = Release|Any CPU
		{67F9D3A8-F71E-4428-913F-C37AE82CDB24}.Ad-Hoc|x64.Build.0 = Release|Any CPU
		{67F9D3A8-F71E-4428-913F-C37AE82CDB24}.Ad-Hoc|x86.ActiveCfg = Release|Any CPU
		{67F9D3A8-F71E-4428-913F-C37AE82CDB24}.Ad-Hoc|x86.Build.0 = Release|Any CPU
		{67F9D3A8-F71E-4428-913F-C37AE82CDB24}.AppStore|Any CPU.ActiveCfg = Release|Any CPU
		{67F9D3A8-F71E-4428-913F-C37AE82CDB24}.AppStore|Any CPU.Build.0 = Release|Any CPU
		{67F9D3A8-F71E-4428-913F-C37AE82CDB24}.AppStore|ARM.ActiveCfg = Release|Any CPU
		{67F9D3A8-F71E-4428-913F-C37AE82CDB24}.AppStore|ARM.Build.0 = Release|Any CPU
		{67F9D3A8-F71E-4428-913F-C37AE82CDB24}.AppStore|iPhone.ActiveCfg = Release|Any CPU
		{67F9D3A8-F71E-4428-913F-C37AE82CDB24}.AppStore|iPhone.Build.0 = Release|Any CPU
		{67F9D3A8-F71E-4428-913F-C37AE82CDB24}.AppStore|iPhoneSimulator.ActiveCfg = Release|Any CPU
		{67F9D3A8-F71E-4428-913F-C37AE82CDB24}.AppStore|iPhoneSimulator.Build.0 = Release|Any CPU
		{67F9D3A8-F71E-4428-913F-C37AE82CDB24}.AppStore|x64.ActiveCfg = Release|Any CPU
		{67F9D3A8-F71E-4428-913F-C37AE82CDB24}.AppStore|x64.Build.0 = Release|Any CPU
		{67F9D3A8-F71E-4428-913F-C37AE82CDB24}.AppStore|x86.ActiveCfg = Release|Any CPU
		{67F9D3A8-F71E-4428-913F-C37AE82CDB24}.AppStore|x86.Build.0 = Release|Any CPU
		{67F9D3A8-F71E-4428-913F-C37AE82CDB24}.Debug|Any CPU.ActiveCfg = Debug|Any CPU
		{67F9D3A8-F71E-4428-913F-C37AE82CDB24}.Debug|Any CPU.Build.0 = Debug|Any CPU
		{67F9D3A8-F71E-4428-913F-C37AE82CDB24}.Debug|ARM.ActiveCfg = Debug|Any CPU
		{67F9D3A8-F71E-4428-913F-C37AE82CDB24}.Debug|ARM.Build.0 = Debug|Any CPU
		{67F9D3A8-F71E-4428-913F-C37AE82CDB24}.Debug|iPhone.ActiveCfg = Debug|Any CPU
		{67F9D3A8-F71E-4428-913F-C37AE82CDB24}.Debug|iPhone.Build.0 = Debug|Any CPU
		{67F9D3A8-F71E-4428-913F-C37AE82CDB24}.Debug|iPhoneSimulator.ActiveCfg = Debug|Any CPU
		{67F9D3A8-F71E-4428-913F-C37AE82CDB24}.Debug|iPhoneSimulator.Build.0 = Debug|Any CPU
		{67F9D3A8-F71E-4428-913F-C37AE82CDB24}.Debug|x64.ActiveCfg = Debug|Any CPU
		{67F9D3A8-F71E-4428-913F-C37AE82CDB24}.Debug|x64.Build.0 = Debug|Any CPU
		{67F9D3A8-F71E-4428-913F-C37AE82CDB24}.Debug|x86.ActiveCfg = Debug|Any CPU
		{67F9D3A8-F71E-4428-913F-C37AE82CDB24}.Debug|x86.Build.0 = Debug|Any CPU
		{67F9D3A8-F71E-4428-913F-C37AE82CDB24}.Release|Any CPU.ActiveCfg = Release|Any CPU
		{67F9D3A8-F71E-4428-913F-C37AE82CDB24}.Release|Any CPU.Build.0 = Release|Any CPU
		{67F9D3A8-F71E-4428-913F-C37AE82CDB24}.Release|ARM.ActiveCfg = Release|Any CPU
		{67F9D3A8-F71E-4428-913F-C37AE82CDB24}.Release|ARM.Build.0 = Release|Any CPU
		{67F9D3A8-F71E-4428-913F-C37AE82CDB24}.Release|iPhone.ActiveCfg = Release|Any CPU
		{67F9D3A8-F71E-4428-913F-C37AE82CDB24}.Release|iPhone.Build.0 = Release|Any CPU
		{67F9D3A8-F71E-4428-913F-C37AE82CDB24}.Release|iPhoneSimulator.ActiveCfg = Release|Any CPU
		{67F9D3A8-F71E-4428-913F-C37AE82CDB24}.Release|iPhoneSimulator.Build.0 = Release|Any CPU
		{67F9D3A8-F71E-4428-913F-C37AE82CDB24}.Release|x64.ActiveCfg = Release|Any CPU
		{67F9D3A8-F71E-4428-913F-C37AE82CDB24}.Release|x64.Build.0 = Release|Any CPU
		{67F9D3A8-F71E-4428-913F-C37AE82CDB24}.Release|x86.ActiveCfg = Release|Any CPU
		{67F9D3A8-F71E-4428-913F-C37AE82CDB24}.Release|x86.Build.0 = Release|Any CPU
		{BC56B0FD-2691-428E-AF5C-1E550B44DCB8}.Ad-Hoc|Any CPU.ActiveCfg = Release|Any CPU
		{BC56B0FD-2691-428E-AF5C-1E550B44DCB8}.Ad-Hoc|Any CPU.Build.0 = Release|Any CPU
		{BC56B0FD-2691-428E-AF5C-1E550B44DCB8}.Ad-Hoc|ARM.ActiveCfg = Release|Any CPU
		{BC56B0FD-2691-428E-AF5C-1E550B44DCB8}.Ad-Hoc|ARM.Build.0 = Release|Any CPU
		{BC56B0FD-2691-428E-AF5C-1E550B44DCB8}.Ad-Hoc|iPhone.ActiveCfg = Release|Any CPU
		{BC56B0FD-2691-428E-AF5C-1E550B44DCB8}.Ad-Hoc|iPhone.Build.0 = Release|Any CPU
		{BC56B0FD-2691-428E-AF5C-1E550B44DCB8}.Ad-Hoc|iPhoneSimulator.ActiveCfg = Release|Any CPU
		{BC56B0FD-2691-428E-AF5C-1E550B44DCB8}.Ad-Hoc|iPhoneSimulator.Build.0 = Release|Any CPU
		{BC56B0FD-2691-428E-AF5C-1E550B44DCB8}.Ad-Hoc|x64.ActiveCfg = Release|Any CPU
		{BC56B0FD-2691-428E-AF5C-1E550B44DCB8}.Ad-Hoc|x64.Build.0 = Release|Any CPU
		{BC56B0FD-2691-428E-AF5C-1E550B44DCB8}.Ad-Hoc|x86.ActiveCfg = Release|Any CPU
		{BC56B0FD-2691-428E-AF5C-1E550B44DCB8}.Ad-Hoc|x86.Build.0 = Release|Any CPU
		{BC56B0FD-2691-428E-AF5C-1E550B44DCB8}.AppStore|Any CPU.ActiveCfg = Release|Any CPU
		{BC56B0FD-2691-428E-AF5C-1E550B44DCB8}.AppStore|Any CPU.Build.0 = Release|Any CPU
		{BC56B0FD-2691-428E-AF5C-1E550B44DCB8}.AppStore|ARM.ActiveCfg = Release|Any CPU
		{BC56B0FD-2691-428E-AF5C-1E550B44DCB8}.AppStore|ARM.Build.0 = Release|Any CPU
		{BC56B0FD-2691-428E-AF5C-1E550B44DCB8}.AppStore|iPhone.ActiveCfg = Release|Any CPU
		{BC56B0FD-2691-428E-AF5C-1E550B44DCB8}.AppStore|iPhone.Build.0 = Release|Any CPU
		{BC56B0FD-2691-428E-AF5C-1E550B44DCB8}.AppStore|iPhoneSimulator.ActiveCfg = Release|Any CPU
		{BC56B0FD-2691-428E-AF5C-1E550B44DCB8}.AppStore|iPhoneSimulator.Build.0 = Release|Any CPU
		{BC56B0FD-2691-428E-AF5C-1E550B44DCB8}.AppStore|x64.ActiveCfg = Release|Any CPU
		{BC56B0FD-2691-428E-AF5C-1E550B44DCB8}.AppStore|x64.Build.0 = Release|Any CPU
		{BC56B0FD-2691-428E-AF5C-1E550B44DCB8}.AppStore|x86.ActiveCfg = Release|Any CPU
		{BC56B0FD-2691-428E-AF5C-1E550B44DCB8}.AppStore|x86.Build.0 = Release|Any CPU
		{BC56B0FD-2691-428E-AF5C-1E550B44DCB8}.Debug|Any CPU.ActiveCfg = Debug|Any CPU
		{BC56B0FD-2691-428E-AF5C-1E550B44DCB8}.Debug|Any CPU.Build.0 = Debug|Any CPU
		{BC56B0FD-2691-428E-AF5C-1E550B44DCB8}.Debug|ARM.ActiveCfg = Debug|Any CPU
		{BC56B0FD-2691-428E-AF5C-1E550B44DCB8}.Debug|ARM.Build.0 = Debug|Any CPU
		{BC56B0FD-2691-428E-AF5C-1E550B44DCB8}.Debug|iPhone.ActiveCfg = Debug|Any CPU
		{BC56B0FD-2691-428E-AF5C-1E550B44DCB8}.Debug|iPhone.Build.0 = Debug|Any CPU
		{BC56B0FD-2691-428E-AF5C-1E550B44DCB8}.Debug|iPhoneSimulator.ActiveCfg = Debug|Any CPU
		{BC56B0FD-2691-428E-AF5C-1E550B44DCB8}.Debug|iPhoneSimulator.Build.0 = Debug|Any CPU
		{BC56B0FD-2691-428E-AF5C-1E550B44DCB8}.Debug|x64.ActiveCfg = Debug|Any CPU
		{BC56B0FD-2691-428E-AF5C-1E550B44DCB8}.Debug|x64.Build.0 = Debug|Any CPU
		{BC56B0FD-2691-428E-AF5C-1E550B44DCB8}.Debug|x86.ActiveCfg = Debug|Any CPU
		{BC56B0FD-2691-428E-AF5C-1E550B44DCB8}.Debug|x86.Build.0 = Debug|Any CPU
		{BC56B0FD-2691-428E-AF5C-1E550B44DCB8}.Release|Any CPU.ActiveCfg = Release|Any CPU
		{BC56B0FD-2691-428E-AF5C-1E550B44DCB8}.Release|Any CPU.Build.0 = Release|Any CPU
		{BC56B0FD-2691-428E-AF5C-1E550B44DCB8}.Release|ARM.ActiveCfg = Release|Any CPU
		{BC56B0FD-2691-428E-AF5C-1E550B44DCB8}.Release|ARM.Build.0 = Release|Any CPU
		{BC56B0FD-2691-428E-AF5C-1E550B44DCB8}.Release|iPhone.ActiveCfg = Release|Any CPU
		{BC56B0FD-2691-428E-AF5C-1E550B44DCB8}.Release|iPhone.Build.0 = Release|Any CPU
		{BC56B0FD-2691-428E-AF5C-1E550B44DCB8}.Release|iPhoneSimulator.ActiveCfg = Release|Any CPU
		{BC56B0FD-2691-428E-AF5C-1E550B44DCB8}.Release|iPhoneSimulator.Build.0 = Release|Any CPU
		{BC56B0FD-2691-428E-AF5C-1E550B44DCB8}.Release|x64.ActiveCfg = Release|Any CPU
		{BC56B0FD-2691-428E-AF5C-1E550B44DCB8}.Release|x64.Build.0 = Release|Any CPU
		{BC56B0FD-2691-428E-AF5C-1E550B44DCB8}.Release|x86.ActiveCfg = Release|Any CPU
		{BC56B0FD-2691-428E-AF5C-1E550B44DCB8}.Release|x86.Build.0 = Release|Any CPU
	EndGlobalSection
	GlobalSection(SolutionProperties) = preSolution
		HideSolutionNode = FALSE
	EndGlobalSection
EndGlobal
